{
  "lockfile-version": 1,
  "manifest": {
    "schema-version": "1.14.0",
    "install": {
      "bun": {
        "pkg-path": "bun",
        "version": "1.3.13"
      },
      "cargo": {
        "pkg-path": "cargo",
        "version": "1.97.1"
      },
      "cargo-tauri": {
        "pkg-path": "cargo-tauri",
        "version": "2.11.4"
      },
      "claude-code": {
        "pkg-path": "claude-code",
        "pkg-group": "claude-code",
        "version": "2.1.245"
      },
      "clippy": {
        "pkg-path": "clippy",
        "version": "1.97.1"
      },
      "codex": {
        "pkg-path": "codex",
        "pkg-group": "codex",
        "version": "0.149.0"
      },
      "go-task": {
        "pkg-path": "go-task",
        "version": "3.53.1"
      },
      "infer": {
        "flake": "github:inference-gateway/cli/v0.189.0"
      },
      "rustc": {
        "pkg-path": "rustc",
        "version": "1.97.1"
      },
      "rustfmt": {
        "pkg-path": "rustfmt",
        "version": "1.97.1"
      }
    },
    "options": {}
  },
  "packages": [
    {
      "attr_path": "codex",
      "broken": false,
      "derivation": "/nix/store/5kjz98157wnfm2ppbfa048c3rig4wvsw-codex-0.149.0.drv",
      "description": "Lightweight coding agent that runs in your terminal",
      "install_id": "codex",
      "license": "Apache-2.0",
      "locked_url": "https://github.com/flox/nixpkgs?rev=34ab99075ac4f7e40cf037eef32cb1c360bb85e9",
      "name": "codex-0.149.0",
      "pname": "codex",
      "rev": "34ab99075ac4f7e40cf037eef32cb1c360bb85e9",
      "rev_count": 1064949,
      "rev_date": "2026-08-31T12:23:27Z",
      "scrape_date": "2026-09-01T04:57:40.282063Z",
      "stabilities": [
        "unstable"
      ],
      "unfree": false,
      "version": "0.149.0",
      "outputs_to_install": [
        "out"
      ],
      "outputs": {
        "out": "/nix/store/n4jycg5a0c63jfblg56y42qsx6dsxg7c-codex-0.149.0"
      },
      "system": "aarch64-darwin",
      "group": "codex",
      "priority": 5
    },
    {
      "attr_path": "codex",
      "broken": false,
      "derivation": "/nix/store/aagg29r7kzcqsbnvfv8zd39gv1pf7lwk-codex-0.149.0.drv",
      "description": "Lightweight coding agent that runs in your terminal",
      "install_id": "codex",
      "license": "Apache-2.0",
      "locked_url": "https://github.com/flox/nixpkgs?rev=34ab99075ac4f7e40cf037eef32cb1c360bb85e9",
      "name": "codex-0.149.0",
      "pname": "codex",
      "rev": "34ab99075ac4f7e40cf037eef32cb1c360bb85e9",
      "rev_count": 1064949,
      "rev_date": "2026-08-31T12:23:27Z",
      "scrape_date": "2026-09-01T05:29:15.659099Z",
      "stabilities": [
        "unstable"
      ],
      "unfree": false,
      "version": "0.149.0",
      "outputs_to_install": [
        "out"
      ],
      "outputs": {
        "out": "/nix/store/4c6r0snmcjagpgng180h68gclgbi6nnn-codex-0.149.0"
      },
      "system": "aarch64-linux",
      "group": "codex",
      "priority": 5
    },
    {
      "attr_path": "codex",
      "broken": false,
      "derivation": "/nix/store/4il0qfjsj9kj01b5zmjqqdfs13pplndw-codex-0.149.0.drv",
      "description": "Lightweight coding agent that runs in your terminal",
      "install_id": "codex",
      "license": "Apache-2.0",
      "locked_url": "https://github.com/flox/nixpkgs?rev=34ab99075ac4f7e40cf037eef32cb1c360bb85e9",
      "name": "codex-0.149.0",
      "pname": "codex",
      "rev": "34ab99075ac4f7e40cf037eef32cb1c360bb85e9",
      "rev_count": 1064949,
      "rev_date": "2026-08-31T12:23:27Z",
      "scrape_date": "2026-09-01T06:06:01.538518Z",
      "stabilities": [
        "unstable"
      ],
      "unfree": false,
      "version": "0.149.0",
      "outputs_to_install": [
        "out"
      ],
      "outputs": {
        "out": "/nix/store/19iqxqi2jyiz21sixa5vj9q9s118v2sh-codex-0.149.0"
      },
      "system": "x86_64-linux",
      "group": "codex",
      "priority": 5
    },
    {
      "attr_path": "claude-code",
      "broken": false,
      "derivation": "/nix/store/n1lgqcdgazzb39wknhn4l88v3skjww77-claude-code-2.1.245.drv",
      "description": "Agentic coding tool that lives in your terminal, understands your codebase, and helps you code faster",
      "install_id": "claude-code",
      "license": "Unfree",
      "locked_url": "https://github.com/flox/nixpkgs?rev=34ab99075ac4f7e40cf037eef32cb1c360bb85e9",
      "name": "claude-code-2.1.245",
      "pname": "claude-code",
      "rev": "34ab99075ac4f7e40cf037eef32cb1c360bb85e9",
      "rev_count": 1064949,
      "rev_date": "2026-08-31T12:23:27Z",
      "scrape_date": "2026-09-01T04:57:40.238535Z",
      "stabilities": [
        "unstable"
      ],
      "unfree": true,
      "version": "2.1.245",
      "outputs_to_install": [
        "out"
      ],
      "outputs": {
        "out": "/nix/store/bx59a90qzpvyapbyz4hwks81xsfw025s-claude-code-2.1.245"
      },
      "system": "aarch64-darwin",
      "group": "claude-code",
      "priority": 5
    },
    {
      "attr_path": "claude-code",
      "broken": false,
      "derivation": "/nix/store/jk2cbws779imgjzjmhci5fnmq3bqa7zr-claude-code-2.1.245.drv",
      "description": "Agentic coding tool that lives in your terminal, understands your codebase, and helps you code faster",
      "install_id": "claude-code",
      "license": "Unfree",
      "locked_url": "https://github.com/flox/nixpkgs?rev=34ab99075ac4f7e40cf037eef32cb1c360bb85e9",
      "name": "claude-code-2.1.245",
      "pname": "claude-code",
      "rev": "34ab99075ac4f7e40cf037eef32cb1c360bb85e9",
      "rev_count": 1064949,
      "rev_date": "2026-08-31T12:23:27Z",
      "scrape_date": "2026-09-01T05:29:15.601663Z",
      "stabilities": [
        "unstable"
      ],
      "unfree": true,
      "version": "2.1.245",
      "outputs_to_install": [
        "out"
      ],
      "outputs": {
        "out": "/nix/store/z9ispy7d612d2kpp7nrhj3v7pddzp3np-claude-code-2.1.245"
      },
      "system": "aarch64-linux",
      "group": "claude-code",
      "priority": 5
    },
    {
      "attr_path": "claude-code",
      "broken": false,
      "derivation": "/nix/store/cwgj6qx0pr1ag13i1l2n4ml1qakxc3qq-claude-code-2.1.245.drv",
      "description": "Agentic coding tool that lives in your terminal, understands your codebase, and helps you code faster",
      "install_id": "claude-code",
      "license": "Unfree",
      "locked_url": "https://github.com/flox/nixpkgs?rev=34ab99075ac4f7e40cf037eef32cb1c360bb85e9",
      "name": "claude-code-2.1.245",
      "pname": "claude-code",
      "rev": "34ab99075ac4f7e40cf037eef32cb1c360bb85e9",
      "rev_count": 1064949,
      "rev_date": "2026-08-31T12:23:27Z",
      "scrape_date": "2026-09-01T06:06:01.474851Z",
      "stabilities": [
        "unstable"
      ],
      "unfree": true,
      "version": "2.1.245",
      "outputs_to_install": [
        "out"
      ],
      "outputs": {
        "out": "/nix/store/k4z7dn65na1gngrpcs8l79vr2pv504dx-claude-code-2.1.245"
      },
      "system": "x86_64-linux",
      "group": "claude-code",
      "priority": 5
    },
    {
      "attr_path": "bun",
      "broken": false,
      "derivation": "/nix/store/8ndwrddjfc25kpigqm4zb2n3zfd3da2c-bun-1.3.13.drv",
      "description": "Incredibly fast JavaScript runtime, bundler, transpiler and package manager – all in one",
      "install_id": "bun",
      "license": "[ MIT, LGPL-2.1-only ]",
      "locked_url": "https://github.com/flox/nixpkgs?rev=34ab99075ac4f7e40cf037eef32cb1c360bb85e9",
      "name": "bun-1.3.13",
      "pname": "bun",
      "rev": "34ab99075ac4f7e40cf037eef32cb1c360bb85e9",
      "rev_count": 1064949,
      "rev_date": "2026-08-31T12:23:27Z",
      "scrape_date": "2026-09-01T04:57:40.015871Z",
      "stabilities": [
        "unstable"
      ],
      "unfree": false,
      "version": "1.3.13",
      "outputs_to_install": [
        "out"
      ],
      "outputs": {
        "out": "/nix/store/r4svrxgw5kys9g187dzcaj8yvc6dzm65-bun-1.3.13"
      },
      "system": "aarch64-darwin",
      "group": "toplevel",
      "priority": 5
    },
    {
      "attr_path": "bun",
      "broken": false,
      "derivation": "/nix/store/ay5sa8chjiy13qwxw7w18827vx6n7s50-bun-1.3.13.drv",
      "description": "Incredibly fast JavaScript runtime, bundler, transpiler and package manager – all in one",
      "install_id": "bun",
      "license": "[ MIT, LGPL-2.1-only ]",
      "locked_url": "https://github.com/flox/nixpkgs?rev=34ab99075ac4f7e40cf037eef32cb1c360bb85e9",
      "name": "bun-1.3.13",
      "pname": "bun",
      "rev": "34ab99075ac4f7e40cf037eef32cb1c360bb85e9",
      "rev_count": 1064949,
      "rev_date": "2026-08-31T12:23:27Z",
      "scrape_date": "2026-09-01T05:29:15.340256Z",
      "stabilities": [
        "unstable"
      ],
      "unfree": false,
      "version": "1.3.13",
      "outputs_to_install": [
        "out"
      ],
      "outputs": {
        "out": "/nix/store/p9a0b8bh0iv9g1qszfvi9n2k7aj7ypyh-bun-1.3.13"
      },
      "system": "aarch64-linux",
      "group": "toplevel",
      "priority": 5
    },
    {
      "attr_path": "bun",
      "broken": false,
      "derivation": "/nix/store/icy7axnlrszi2ynx0wmzj7z0d1cl8bbf-bun-1.3.13.drv",
      "description": "Incredibly fast JavaScript runtime, bundler, transpiler and package manager – all in one",
      "install_id": "bun",
      "license": "[ MIT, LGPL-2.1-only ]",
      "locked_url": "https://github.com/flox/nixpkgs?rev=34ab99075ac4f7e40cf037eef32cb1c360bb85e9",
      "name": "bun-1.3.13",
      "pname": "bun",
      "rev": "34ab99075ac4f7e40cf037eef32cb1c360bb85e9",
      "rev_count": 1064949,
      "rev_date": "2026-08-31T12:23:27Z",
      "scrape_date": "2026-09-01T06:06:01.202739Z",
      "stabilities": [
        "unstable"
      ],
      "unfree": false,
      "version": "1.3.13",
      "outputs_to_install": [
        "out"
      ],
      "outputs": {
        "out": "/nix/store/gzh2rx2sjwra135my0jw3va49hm7z4vf-bun-1.3.13"
      },
      "system": "x86_64-linux",
      "group": "toplevel",
      "priority": 5
    },
    {
      "attr_path": "cargo",
      "broken": false,
      "derivation": "/nix/store/3ryprf12nc4pvyabn4dr49fd1syshg6l-cargo-1.97.1.drv",
      "description": "Downloads your Rust project's dependencies and builds your project",
      "install_id": "cargo",
      "license": "[ MIT, Apache-2.0 ]",
      "locked_url": "https://github.com/flox/nixpkgs?rev=34ab99075ac4f7e40cf037eef32cb1c360bb85e9",
      "name": "cargo-1.97.1",
      "pname": "cargo",
      "rev": "34ab99075ac4f7e40cf037eef32cb1c360bb85e9",
      "rev_count": 1064949,
      "rev_date": "2026-08-31T12:23:27Z",
      "scrape_date": "2026-09-01T04:57:40.038874Z",
      "stabilities": [
        "unstable"
      ],
      "unfree": false,
      "version": "1.97.1",
      "outputs_to_install": [
        "out"
      ],
      "outputs": {
        "out": "/nix/store/cvd2pzmgq4pr7kkzx2zmya47fqd70sqa-cargo-1.97.1"
      },
      "system": "aarch64-darwin",
      "group": "toplevel",
      "priority": 5
    },
    {
      "attr_path": "cargo",
      "broken": false,
      "derivation": "/nix/store/d0lxy2g0nx9dgxp72wx7jn5qjr1gv29g-cargo-1.97.1.drv",
      "description": "Downloads your Rust project's dependencies and builds your project",
      "install_id": "cargo",
      "license": "[ MIT, Apache-2.0 ]",
      "locked_url": "https://github.com/flox/nixpkgs?rev=34ab99075ac4f7e40cf037eef32cb1c360bb85e9",
      "name": "cargo-1.97.1",
      "pname": "cargo",
      "rev": "34ab99075ac4f7e40cf037eef32cb1c360bb85e9",
      "rev_count": 1064949,
      "rev_date": "2026-08-31T12:23:27Z",
      "scrape_date": "2026-09-01T05:29:15.370915Z",
      "stabilities": [
        "unstable"
      ],
      "unfree": false,
      "version": "1.97.1",
      "outputs_to_install": [
        "out"
      ],
      "outputs": {
        "out": "/nix/store/z64fp7fjfy9zr3xn7prdidi4gww213d5-cargo-1.97.1"
      },
      "system": "aarch64-linux",
      "group": "toplevel",
      "priority": 5
    },
    {
      "attr_path": "cargo",
      "broken": false,
      "derivation": "/nix/store/y1zg3wvkz7q4l1fd57ldkam9l5idl6k3-cargo-1.97.1.drv",
      "description": "Downloads your Rust project's dependencies and builds your project",
      "install_id": "cargo",
      "license": "[ MIT, Apache-2.0 ]",
      "locked_url": "https://github.com/flox/nixpkgs?rev=34ab99075ac4f7e40cf037eef32cb1c360bb85e9",
      "name": "cargo-1.97.1",
      "pname": "cargo",
      "rev": "34ab99075ac4f7e40cf037eef32cb1c360bb85e9",
      "rev_count": 1064949,
      "rev_date": "2026-08-31T12:23:27Z",
      "scrape_date": "2026-09-01T06:06:01.236128Z",
      "stabilities": [
        "unstable"
      ],
      "unfree": false,
      "version": "1.97.1",
      "outputs_to_install": [
        "out"
      ],
      "outputs": {
        "out": "/nix/store/dv55qwamlq68hdiprg1v104ymwh1c27r-cargo-1.97.1"
      },
      "system": "x86_64-linux",
      "group": "toplevel",
      "priority": 5
    },
    {
      "attr_path": "cargo-tauri",
      "broken": false,
      "derivation": "/nix/store/d3f18rjfivrbciwkd9m8vn2cszpd45wk-tauri-2.11.4.drv",
      "description": "Build smaller, faster, and more secure desktop applications with a web frontend",
      "install_id": "cargo-tauri",
      "license": "[ Apache-2.0, MIT ]",
      "locked_url": "https://github.com/flox/nixpkgs?rev=34ab99075ac4f7e40cf037eef32cb1c360bb85e9",
      "name": "tauri-2.11.4",
      "pname": "cargo-tauri",
      "rev": "34ab99075ac4f7e40cf037eef32cb1c360bb85e9",
      "rev_count": 1064949,
      "rev_date": "2026-08-31T12:23:27Z",
      "scrape_date": "2026-09-01T04:57:40.056981Z",
      "stabilities": [
        "unstable"
      ],
      "unfree": false,
      "version": "2.11.4",
      "outputs_to_install": [
        "out"
      ],
      "outputs": {
        "out": "/nix/store/8w5f8dkcr50l6fzf8j61xjydwdyyfnvi-tauri-2.11.4"
      },
      "system": "aarch64-darwin",
      "group": "toplevel",
      "priority": 5
    },
    {
      "attr_path": "cargo-tauri",
      "broken": false,
      "derivation": "/nix/store/scizsq507g217rl6vqhpaxnzn74hzc26-tauri-2.11.4.drv",
      "description": "Build smaller, faster, and more secure desktop applications with a web frontend",
      "install_id": "cargo-tauri",
      "license": "[ Apache-2.0, MIT ]",
      "locked_url": "https://github.com/flox/nixpkgs?rev=34ab99075ac4f7e40cf037eef32cb1c360bb85e9",
      "name": "tauri-2.11.4",
      "pname": "cargo-tauri",
      "rev": "34ab99075ac4f7e40cf037eef32cb1c360bb85e9",
      "rev_count": 1064949,
      "rev_date": "2026-08-31T12:23:27Z",
      "scrape_date": "2026-09-01T05:29:15.389503Z",
      "stabilities": [
        "unstable"
      ],
      "unfree": false,
      "version": "2.11.4",
      "outputs_to_install": [
        "out"
      ],
      "outputs": {
        "out": "/nix/store/pjjbrmygj02siqkx0xpkzzdy5jn32nd9-tauri-2.11.4"
      },
      "system": "aarch64-linux",
      "group": "toplevel",
      "priority": 5
    },
    {
      "attr_path": "cargo-tauri",
      "broken": false,
      "derivation": "/nix/store/fd10m10j3d9ak7n5gqr44fcambj3sryg-tauri-2.11.4.drv",
      "description": "Build smaller, faster, and more secure desktop applications with a web frontend",
      "install_id": "cargo-tauri",
      "license": "[ Apache-2.0, MIT ]",
      "locked_url": "https://github.com/flox/nixpkgs?rev=34ab99075ac4f7e40cf037eef32cb1c360bb85e9",
      "name": "tauri-2.11.4",
      "pname": "cargo-tauri",
      "rev": "34ab99075ac4f7e40cf037eef32cb1c360bb85e9",
      "rev_count": 1064949,
      "rev_date": "2026-08-31T12:23:27Z",
      "scrape_date": "2026-09-01T06:06:01.256115Z",
      "stabilities": [
        "unstable"
      ],
      "unfree": false,
      "version": "2.11.4",
      "outputs_to_install": [
        "out"
      ],
      "outputs": {
        "out": "/nix/store/vf0d3xq55zwyjb39f6hr2xarhfya284p-tauri-2.11.4"
      },
      "system": "x86_64-linux",
      "group": "toplevel",
      "priority": 5
    },
    {
      "attr_path": "clippy",
      "broken": false,
      "derivation": "/nix/store/68izw1c3lcpg3mrhqsyyrpf3gv1xd4dz-clippy-1.97.1.drv",
      "description": "Bunch of lints to catch common mistakes and improve your Rust code",
      "install_id": "clippy",
      "license": "[ MIT, Apache-2.0 ]",
      "locked_url": "https://github.com/flox/nixpkgs?rev=34ab99075ac4f7e40cf037eef32cb1c360bb85e9",
      "name": "clippy-1.97.1",
      "pname": "clippy",
      "rev": "34ab99075ac4f7e40cf037eef32cb1c360bb85e9",
      "rev_count": 1064949,
      "rev_date": "2026-08-31T12:23:27Z",
      "scrape_date": "2026-09-01T04:57:40.248004Z",
      "stabilities": [
        "unstable"
      ],
      "unfree": false,
      "version": "1.97.1",
      "outputs_to_install": [
        "out"
      ],
      "outputs": {
        "out": "/nix/store/v3i30k0c7qw3imdbq491328r4a6qry1m-clippy-1.97.1"
      },
      "system": "aarch64-darwin",
      "group": "toplevel",
      "priority": 5
    },
    {
      "attr_path": "clippy",
      "broken": false,
      "derivation": "/nix/store/dx2n1cmxy0r6hfpa31psr4x2yb1rkmh6-clippy-1.97.1.drv",
      "description": "Bunch of lints to catch common mistakes and improve your Rust code",
      "install_id": "clippy",
      "license": "[ MIT, Apache-2.0 ]",
      "locked_url": "https://github.com/flox/nixpkgs?rev=34ab99075ac4f7e40cf037eef32cb1c360bb85e9",
      "name": "clippy-1.97.1",
      "pname": "clippy",
      "rev": "34ab99075ac4f7e40cf037eef32cb1c360bb85e9",
      "rev_count": 1064949,
      "rev_date": "2026-08-31T12:23:27Z",
      "scrape_date": "2026-09-01T05:29:15.615327Z",
      "stabilities": [
        "unstable"
      ],
      "unfree": false,
      "version": "1.97.1",
      "outputs_to_install": [
        "out"
      ],
      "outputs": {
        "debug": "/nix/store/3mbk6zr9jqgzv3zfz3x3mirkf9894b5k-clippy-1.97.1-debug",
        "out": "/nix/store/y6v5c5bb5drnvyf3jgm4qkkyihnfjwhj-clippy-1.97.1"
      },
      "system": "aarch64-linux",
      "group": "toplevel",
      "priority": 5
    },
    {
      "attr_path": "clippy",
      "broken": false,
      "derivation": "/nix/store/c73jla34znhc3l3a3s4fk5aj7zg17qsk-clippy-1.97.1.drv",
      "description": "Bunch of lints to catch common mistakes and improve your Rust code",
      "install_id": "clippy",
      "license": "[ MIT, Apache-2.0 ]",
      "locked_url": "https://github.com/flox/nixpkgs?rev=34ab99075ac4f7e40cf037eef32cb1c360bb85e9",
      "name": "clippy-1.97.1",
      "pname": "clippy",
      "rev": "34ab99075ac4f7e40cf037eef32cb1c360bb85e9",
      "rev_count": 1064949,
      "rev_date": "2026-08-31T12:23:27Z",
      "scrape_date": "2026-09-01T06:06:01.490328Z",
      "stabilities": [
        "unstable"
      ],
      "unfree": false,
      "version": "1.97.1",
      "outputs_to_install": [
        "out"
      ],
      "outputs": {
        "debug": "/nix/store/nafib7p33g095kh5s8y790wdcrv7mp9l-clippy-1.97.1-debug",
        "out": "/nix/store/n4c4rzywa0wsfy239bqkgsx8lfhsfmwx-clippy-1.97.1"
      },
      "system": "x86_64-linux",
      "group": "toplevel",
      "priority": 5
    },
    {
      "attr_path": "go-task",
      "broken": false,
      "derivation": "/nix/store/6lifhbkq5k5y07q7pl0945wrrpypi0wv-go-task-3.53.1.drv",
      "description": "Task runner / simpler Make alternative written in Go",
      "install_id": "go-task",
      "license": "MIT",
      "locked_url": "https://github.com/flox/nixpkgs?rev=34ab99075ac4f7e40cf037eef32cb1c360bb85e9",
      "name": "go-task-3.53.1",
      "pname": "go-task",
      "rev": "34ab99075ac4f7e40cf037eef32cb1c360bb85e9",
      "rev_count": 1064949,
      "rev_date": "2026-08-31T12:23:27Z",
      "scrape_date": "2026-09-01T04:57:41.365027Z",
      "stabilities": [
        "unstable"
      ],
      "unfree": false,
      "version": "3.53.1",
      "outputs_to_install": [
        "out"
      ],
      "outputs": {
        "out": "/nix/store/2cp94m0qgih229db2yg2x30rwzrwdamk-go-task-3.53.1"
      },
      "system": "aarch64-darwin",
      "group": "toplevel",
      "priority": 5
    },
    {
      "attr_path": "go-task",
      "broken": false,
      "derivation": "/nix/store/vygxrrfkl5rc201mr9vxzvxb3092yx30-go-task-3.53.1.drv",
      "description": "Task runner / simpler Make alternative written in Go",
      "install_id": "go-task",
      "license": "MIT",
      "locked_url": "https://github.com/flox/nixpkgs?rev=34ab99075ac4f7e40cf037eef32cb1c360bb85e9",
      "name": "go-task-3.53.1",
      "pname": "go-task",
      "rev": "34ab99075ac4f7e40cf037eef32cb1c360bb85e9",
      "rev_count": 1064949,
      "rev_date": "2026-08-31T12:23:27Z",
      "scrape_date": "2026-09-01T05:29:17.882032Z",
      "stabilities": [
        "unstable"
      ],
      "unfree": false,
      "version": "3.53.1",
      "outputs_to_install": [
        "out"
      ],
      "outputs": {
        "out": "/nix/store/5wxmmkjhivk4lrx09acasbyffya5q640-go-task-3.53.1"
      },
      "system": "aarch64-linux",
      "group": "toplevel",
      "priority": 5
    },
    {
      "attr_path": "go-task",
      "broken": false,
      "derivation": "/nix/store/qs9lfl8yp18bhb6s0rx2wmlk34x03mih-go-task-3.53.1.drv",
      "description": "Task runner / simpler Make alternative written in Go",
      "install_id": "go-task",
      "license": "MIT",
      "locked_url": "https://github.com/flox/nixpkgs?rev=34ab99075ac4f7e40cf037eef32cb1c360bb85e9",
      "name": "go-task-3.53.1",
      "pname": "go-task",
      "rev": "34ab99075ac4f7e40cf037eef32cb1c360bb85e9",
      "rev_count": 1064949,
      "rev_date": "2026-08-31T12:23:27Z",
      "scrape_date": "2026-09-01T06:06:04.029930Z",
      "stabilities": [
        "unstable"
      ],
      "unfree": false,
      "version": "3.53.1",
      "outputs_to_install": [
        "out"
      ],
      "outputs": {
        "out": "/nix/store/bvzzl57kpmvzb6aj0v0yc45gvw8ggf2a-go-task-3.53.1"
      },
      "system": "x86_64-linux",
      "group": "toplevel",
      "priority": 5
    },
    {
      "attr_path": "rustc",
      "broken": false,
      "derivation": "/nix/store/b7dwrh5g7lwa49zbrzz717fb4ngjay4q-rustc-wrapper-1.97.1.drv",
      "description": "Safe, concurrent, practical language (wrapper script)",
      "install_id": "rustc",
      "license": "[ MIT, Apache-2.0 ]",
      "locked_url": "https://github.com/flox/nixpkgs?rev=34ab99075ac4f7e40cf037eef32cb1c360bb85e9",
      "name": "rustc-wrapper-1.97.1",
      "pname": "rustc",
      "rev": "34ab99075ac4f7e40cf037eef32cb1c360bb85e9",
      "rev_count": 1064949,
      "rev_date": "2026-08-31T12:23:27Z",
      "scrape_date": "2026-09-01T04:59:19.830309Z",
      "stabilities": [
        "unstable"
      ],
      "unfree": false,
      "version": "1.97.1",
      "outputs_to_install": [
        "man",
        "out"
      ],
      "outputs": {
        "doc": "/nix/store/8qkha38sic70l51g4l7dmjrxnzqjrr6w-rustc-wrapper-1.97.1-doc",
        "man": "/nix/store/grw7ifdixkdr4ya8bw5x0psjyfr5azva-rustc-wrapper-1.97.1-man",
        "out": "/nix/store/swrk83krgf2iaqd7a1bs0pg1sinlz5ds-rustc-wrapper-1.97.1"
      },
      "system": "aarch64-darwin",
      "group": "toplevel",
      "priority": 5
    },
    {
      "attr_path": "rustc",
      "broken": false,
      "derivation": "/nix/store/zys8ks6vyd9ldiscb5b9hwk15sk6hlfv-rustc-wrapper-1.97.1.drv",
      "description": "Safe, concurrent, practical language (wrapper script)",
      "install_id": "rustc",
      "license": "[ MIT, Apache-2.0 ]",
      "locked_url": "https://github.com/flox/nixpkgs?rev=34ab99075ac4f7e40cf037eef32cb1c360bb85e9",
      "name": "rustc-wrapper-1.97.1",
      "pname": "rustc",
      "rev": "34ab99075ac4f7e40cf037eef32cb1c360bb85e9",
      "rev_count": 1064949,
      "rev_date": "2026-08-31T12:23:27Z",
      "scrape_date": "2026-09-01T05:31:32.328292Z",
      "stabilities": [
        "unstable"
      ],
      "unfree": false,
      "version": "1.97.1",
      "outputs_to_install": [
        "man",
        "out"
      ],
      "outputs": {
        "doc": "/nix/store/avbwjkw896rb3nl28kh8qv6kxyq5b9v2-rustc-wrapper-1.97.1-doc",
        "man": "/nix/store/hn340n5pi9p30j4bcxgzqgq8lmclg1by-rustc-wrapper-1.97.1-man",
        "out": "/nix/store/d6bnbpk6jr95frzmmksda4r7l3v8d3m6-rustc-wrapper-1.97.1"
      },
      "system": "aarch64-linux",
      "group": "toplevel",
      "priority": 5
    },
    {
      "attr_path": "rustc",
      "broken": false,
      "derivation": "/nix/store/ws46bp68ih8hf9661myqyf8ssq32fzba-rustc-wrapper-1.97.1.drv",
      "description": "Safe, concurrent, practical language (wrapper script)",
      "install_id": "rustc",
      "license": "[ MIT, Apache-2.0 ]",
      "locked_url": "https://github.com/flox/nixpkgs?rev=34ab99075ac4f7e40cf037eef32cb1c360bb85e9",
      "name": "rustc-wrapper-1.97.1",
      "pname": "rustc",
      "rev": "34ab99075ac4f7e40cf037eef32cb1c360bb85e9",
      "rev_count": 1064949,
      "rev_date": "2026-08-31T12:23:27Z",
      "scrape_date": "2026-09-01T06:08:20.200514Z",
      "stabilities": [
        "unstable"
      ],
      "unfree": false,
      "version": "1.97.1",
      "outputs_to_install": [
        "man",
        "out"
      ],
      "outputs": {
        "doc": "/nix/store/8svfp79q0gx10gcrsyxf1pw04q8jf0lp-rustc-wrapper-1.97.1-doc",
        "man": "/nix/store/an2hvf5i7mq52mqdad9rad8mxkpksmq2-rustc-wrapper-1.97.1-man",
        "out": "/nix/store/yaa1sq5g4jar7rvlspy7kk2wd98nj6qh-rustc-wrapper-1.97.1"
      },
      "system": "x86_64-linux",
      "group": "toplevel",
      "priority": 5
    },
    {
      "attr_path": "rustfmt",
      "broken": false,
      "derivation": "/nix/store/pbqhn2qr20h957gaajzwc3s45ycwyigb-rustfmt-1.97.1.drv",
      "description": "Tool for formatting Rust code according to style guidelines",
      "install_id": "rustfmt",
      "license": "[ MIT, Apache-2.0 ]",
      "locked_url": "https://github.com/flox/nixpkgs?rev=34ab99075ac4f7e40cf037eef32cb1c360bb85e9",
      "name": "rustfmt-1.97.1",
      "pname": "rustfmt",
      "rev": "34ab99075ac4f7e40cf037eef32cb1c360bb85e9",
      "rev_count": 1064949,
      "rev_date": "2026-08-31T12:23:27Z",
      "scrape_date": "2026-09-01T04:59:19.855308Z",
      "stabilities": [
        "unstable"
      ],
      "unfree": false,
      "version": "1.97.1",
      "outputs_to_install": [
        "out"
      ],
      "outputs": {
        "out": "/nix/store/l7xlkqk1bz4w75rwf5dh7pn2br04n59l-rustfmt-1.97.1"
      },
      "system": "aarch64-darwin",
      "group": "toplevel",
      "priority": 5
    },
    {
      "attr_path": "rustfmt",
      "broken": false,
      "derivation": "/nix/store/4g0gx13xjx0i07jb0dnff6qc71vrdizz-rustfmt-1.97.1.drv",
      "description": "Tool for formatting Rust code according to style guidelines",
      "install_id": "rustfmt",
      "license": "[ MIT, Apache-2.0 ]",
      "locked_url": "https://github.com/flox/nixpkgs?rev=34ab99075ac4f7e40cf037eef32cb1c360bb85e9",
      "name": "rustfmt-1.97.1",
      "pname": "rustfmt",
      "rev": "34ab99075ac4f7e40cf037eef32cb1c360bb85e9",
      "rev_count": 1064949,
      "rev_date": "2026-08-31T12:23:27Z",
      "scrape_date": "2026-09-01T05:31:32.356843Z",
      "stabilities": [
        "unstable"
      ],
      "unfree": false,
      "version": "1.97.1",
      "outputs_to_install": [
        "out"
      ],
      "outputs": {
        "out": "/nix/store/rl3j1za9dpdri1vr52vl69y1qczjb5zv-rustfmt-1.97.1"
      },
      "system": "aarch64-linux",
      "group": "toplevel",
      "priority": 5
    },
    {
      "attr_path": "rustfmt",
      "broken": false,
      "derivation": "/nix/store/89x1576ckylmc24b4qnh3j2k387lrgc5-rustfmt-1.97.1.drv",
      "description": "Tool for formatting Rust code according to style guidelines",
      "install_id": "rustfmt",
      "license": "[ MIT, Apache-2.0 ]",
      "locked_url": "https://github.com/flox/nixpkgs?rev=34ab99075ac4f7e40cf037eef32cb1c360bb85e9",
      "name": "rustfmt-1.97.1",
      "pname": "rustfmt",
      "rev": "34ab99075ac4f7e40cf037eef32cb1c360bb85e9",
      "rev_count": 1064949,
      "rev_date": "2026-08-31T12:23:27Z",
      "scrape_date": "2026-09-01T06:08:20.233047Z",
      "stabilities": [
        "unstable"
      ],
      "unfree": false,
      "version": "1.97.1",
      "outputs_to_install": [
        "out"
      ],
      "outputs": {
        "out": "/nix/store/47k26k98v32x56rxiqawdk5qk0r0b6w1-rustfmt-1.97.1"
      },
      "system": "x86_64-linux",
      "group": "toplevel",
      "priority": 5
    },
    {
      "install_id": "infer",
      "locked-url": "github:inference-gateway/cli/a7f9f1284469345e944763ff2291888b32af8245?narHash=sha256-yxAkR98drmxDJP8%2Bc9qoxzfbMKIGXhOwtajFEGJLYWw%3D",
      "flake-description": "Inference Gateway CLI - infer",
      "locked-flake-attr-path": "packages.aarch64-darwin.default",
      "derivation": "/nix/store/qyyy73g6zfmshsdxdgpiz1xj1v513y1p-infer-0.189.0.drv",
      "outputs": {
        "out": "/nix/store/lrvpixkf0zdw1vgl746cfwjbd2x3jpri-infer-0.189.0"
      },
      "output-names": [
        "out"
      ],
      "outputs-to-install": [
        "out"
      ],
      "requested-outputs-to-install": [],
      "package-system": "aarch64-darwin",
      "system": "aarch64-darwin",
      "name": "infer-0.189.0",
      "pname": "infer",
      "version": "0.189.0",
      "description": "Command-line interface for the Inference Gateway - AI model interaction manager",
      "licenses": [
        "MIT"
      ],
      "broken": false,
      "unfree": false,
      "priority": 5
    },
    {
      "install_id": "infer",
      "locked-url": "github:inference-gateway/cli/a7f9f1284469345e944763ff2291888b32af8245?narHash=sha256-yxAkR98drmxDJP8%2Bc9qoxzfbMKIGXhOwtajFEGJLYWw%3D",
      "flake-description": "Inference Gateway CLI - infer",
      "locked-flake-attr-path": "packages.aarch64-linux.default",
      "derivation": "/nix/store/83956n49ccvdzd880x8q5yh6m9dg5ca7-infer-0.189.0.drv",
      "outputs": {
        "out": "/nix/store/bk1ici4v2blm7n9g7cjidzvhw460kp60-infer-0.189.0"
      },
      "output-names": [
        "out"
      ],
      "outputs-to-install": [
        "out"
      ],
      "requested-outputs-to-install": [],
      "package-system": "aarch64-linux",
      "system": "aarch64-linux",
      "name": "infer-0.189.0",
      "pname": "infer",
      "version": "0.189.0",
      "description": "Command-line interface for the Inference Gateway - AI model interaction manager",
      "licenses": [
        "MIT"
      ],
      "broken": false,
      "unfree": false,
      "priority": 5
    },
    {
      "install_id": "infer",
      "locked-url": "github:inference-gateway/cli/a7f9f1284469345e944763ff2291888b32af8245?narHash=sha256-yxAkR98drmxDJP8%2Bc9qoxzfbMKIGXhOwtajFEGJLYWw%3D",
      "flake-description": "Inference Gateway CLI - infer",
      "locked-flake-attr-path": "packages.x86_64-linux.default",
      "derivation": "/nix/store/ddypw3br5d99r0x52zfk7nmy53gpfald-infer-0.189.0.drv",
      "outputs": {
        "out": "/nix/store/hj4g667wpsqjdn1pw21yn1ac884xgwl7-infer-0.189.0"
      },
      "output-names": [
        "out"
      ],
      "outputs-to-install": [
        "out"
      ],
      "requested-outputs-to-install": [],
      "package-system": "x86_64-linux",
      "system": "x86_64-linux",
      "name": "infer-0.189.0",
      "pname": "infer",
      "version": "0.189.0",
      "description": "Command-line interface for the Inference Gateway - AI model interaction manager",
      "licenses": [
        "MIT"
      ],
      "broken": false,
      "unfree": false,
      "priority": 5
    }
  ]
}
