{
  "lockfile-version": 1,
  "manifest": {
    "schema-version": "1.15.0",
    "install": {
      "bun": {
        "pkg-path": "bun",
        "version": "1.3.13"
      },
      "cargo": {
        "pkg-path": "cargo",
        "version": "1.97.1"
      },
      "cargo-tauri": {
        "pkg-path": "cargo-tauri",
        "version": "2.11.4"
      },
      "claude-code": {
        "pkg-path": "claude-code",
        "pkg-group": "claude-code",
        "version": "2.1.272"
      },
      "clippy": {
        "pkg-path": "clippy",
        "version": "1.97.1"
      },
      "codex": {
        "pkg-path": "codex",
        "pkg-group": "codex",
        "version": "0.154.0"
      },
      "go-task": {
        "pkg-path": "go-task",
        "version": "3.53.1"
      },
      "infer": {
        "flake": "github:inference-gateway/cli/v0.204.1"
      },
      "rustc": {
        "pkg-path": "rustc",
        "version": "1.97.1"
      },
      "rustfmt": {
        "pkg-path": "rustfmt",
        "version": "1.97.1"
      }
    },
    "options": {}
  },
  "packages": [
    {
      "attr_path": "claude-code",
      "broken": false,
      "derivation": "/nix/store/dcw26b2g9dvyv905yisn4v5hdcyxmx2a-claude-code-2.1.272.drv",
      "description": "Agentic coding tool that lives in your terminal, understands your codebase, and helps you code faster",
      "install_id": "claude-code",
      "license": "Unfree",
      "locked_url": "https://github.com/flox/nixpkgs?rev=b1b875982b17dabde9b4a37f3e229e74913e6db3",
      "name": "claude-code-2.1.272",
      "pname": "claude-code",
      "rev": "b1b875982b17dabde9b4a37f3e229e74913e6db3",
      "rev_count": 1074753,
      "rev_date": "2026-09-16T08:07:56Z",
      "scrape_date": "2026-09-17T05:03:19.811377Z",
      "stabilities": [
        "unstable"
      ],
      "unfree": true,
      "version": "2.1.272",
      "outputs_to_install": [
        "out"
      ],
      "outputs": {
        "out": "/nix/store/c1nk47hgsvmg4l6dz4lyxb0v3r2vywj8-claude-code-2.1.272"
      },
      "system": "aarch64-darwin",
      "group": "claude-code",
      "priority": 5
    },
    {
      "attr_path": "claude-code",
      "broken": false,
      "derivation": "/nix/store/s9am0l3kslb6fsndd7g8k0kaalw2qvlm-claude-code-2.1.272.drv",
      "description": "Agentic coding tool that lives in your terminal, understands your codebase, and helps you code faster",
      "install_id": "claude-code",
      "license": "Unfree",
      "locked_url": "https://github.com/flox/nixpkgs?rev=b1b875982b17dabde9b4a37f3e229e74913e6db3",
      "name": "claude-code-2.1.272",
      "pname": "claude-code",
      "rev": "b1b875982b17dabde9b4a37f3e229e74913e6db3",
      "rev_count": 1074753,
      "rev_date": "2026-09-16T08:07:56Z",
      "scrape_date": "2026-09-17T05:40:23.320482Z",
      "stabilities": [
        "unstable"
      ],
      "unfree": true,
      "version": "2.1.272",
      "outputs_to_install": [
        "out"
      ],
      "outputs": {
        "out": "/nix/store/1laqjqw77ibq58ph1s7g8nzskmzfz150-claude-code-2.1.272"
      },
      "system": "aarch64-linux",
      "group": "claude-code",
      "priority": 5
    },
    {
      "attr_path": "claude-code",
      "broken": false,
      "derivation": "/nix/store/7pj9vj42lgzcx38941f7snj9l59iczxc-claude-code-2.1.272.drv",
      "description": "Agentic coding tool that lives in your terminal, understands your codebase, and helps you code faster",
      "install_id": "claude-code",
      "license": "Unfree",
      "locked_url": "https://github.com/flox/nixpkgs?rev=b1b875982b17dabde9b4a37f3e229e74913e6db3",
      "name": "claude-code-2.1.272",
      "pname": "claude-code",
      "rev": "b1b875982b17dabde9b4a37f3e229e74913e6db3",
      "rev_count": 1074753,
      "rev_date": "2026-09-16T08:07:56Z",
      "scrape_date": "2026-09-17T06:22:01.629347Z",
      "stabilities": [
        "unstable"
      ],
      "unfree": true,
      "version": "2.1.272",
      "outputs_to_install": [
        "out"
      ],
      "outputs": {
        "out": "/nix/store/zzf9fyppsvwp5v38snn20imibb3mj64s-claude-code-2.1.272"
      },
      "system": "x86_64-linux",
      "group": "claude-code",
      "priority": 5
    },
    {
      "attr_path": "codex",
      "broken": false,
      "derivation": "/nix/store/xhc9c51nqa1j4k9wlwsby2r3dzimqy9w-codex-0.154.0.drv",
      "description": "Lightweight coding agent that runs in your terminal",
      "install_id": "codex",
      "license": "Apache-2.0",
      "locked_url": "https://github.com/flox/nixpkgs?rev=b1b875982b17dabde9b4a37f3e229e74913e6db3",
      "name": "codex-0.154.0",
      "pname": "codex",
      "rev": "b1b875982b17dabde9b4a37f3e229e74913e6db3",
      "rev_count": 1074753,
      "rev_date": "2026-09-16T08:07:56Z",
      "scrape_date": "2026-09-17T05:03:19.861482Z",
      "stabilities": [
        "unstable"
      ],
      "unfree": false,
      "version": "0.154.0",
      "outputs_to_install": [
        "out"
      ],
      "outputs": {
        "out": "/nix/store/rjlyqfwzaq6r9pz063shykwqh15vagpv-codex-0.154.0"
      },
      "system": "aarch64-darwin",
      "group": "codex",
      "priority": 5
    },
    {
      "attr_path": "codex",
      "broken": false,
      "derivation": "/nix/store/kj63p4fz279l94pxm4vlyyc2j3223l7c-codex-0.154.0.drv",
      "description": "Lightweight coding agent that runs in your terminal",
      "install_id": "codex",
      "license": "Apache-2.0",
      "locked_url": "https://github.com/flox/nixpkgs?rev=b1b875982b17dabde9b4a37f3e229e74913e6db3",
      "name": "codex-0.154.0",
      "pname": "codex",
      "rev": "b1b875982b17dabde9b4a37f3e229e74913e6db3",
      "rev_count": 1074753,
      "rev_date": "2026-09-16T08:07:56Z",
      "scrape_date": "2026-09-17T05:40:23.380802Z",
      "stabilities": [
        "unstable"
      ],
      "unfree": false,
      "version": "0.154.0",
      "outputs_to_install": [
        "out"
      ],
      "outputs": {
        "out": "/nix/store/xgk86cjswvppfbqml8233dg6vzjxyafj-codex-0.154.0"
      },
      "system": "aarch64-linux",
      "group": "codex",
      "priority": 5
    },
    {
      "attr_path": "codex",
      "broken": false,
      "derivation": "/nix/store/05mvxc7sv0ry16wgflmajqp036m98y3i-codex-0.154.0.drv",
      "description": "Lightweight coding agent that runs in your terminal",
      "install_id": "codex",
      "license": "Apache-2.0",
      "locked_url": "https://github.com/flox/nixpkgs?rev=b1b875982b17dabde9b4a37f3e229e74913e6db3",
      "name": "codex-0.154.0",
      "pname": "codex",
      "rev": "b1b875982b17dabde9b4a37f3e229e74913e6db3",
      "rev_count": 1074753,
      "rev_date": "2026-09-16T08:07:56Z",
      "scrape_date": "2026-09-17T06:22:01.698115Z",
      "stabilities": [
        "unstable"
      ],
      "unfree": false,
      "version": "0.154.0",
      "outputs_to_install": [
        "out"
      ],
      "outputs": {
        "out": "/nix/store/w2k4sczcscass68x6j7z0qcgy0qdk1a0-codex-0.154.0"
      },
      "system": "x86_64-linux",
      "group": "codex",
      "priority": 5
    },
    {
      "attr_path": "bun",
      "broken": false,
      "derivation": "/nix/store/b1rl6a8hhpgw5s9l8mr9nbyakmln8jh3-bun-1.3.13.drv",
      "description": "Incredibly fast JavaScript runtime, bundler, transpiler and package manager – all in one",
      "install_id": "bun",
      "license": "[ MIT, LGPL-2.1-only ]",
      "locked_url": "https://github.com/flox/nixpkgs?rev=8ce4ef6cb6f871616146b9fe26d2a5ae594e94fe",
      "name": "bun-1.3.13",
      "pname": "bun",
      "rev": "8ce4ef6cb6f871616146b9fe26d2a5ae594e94fe",
      "rev_count": 1070770,
      "rev_date": "2026-09-10T02:20:05Z",
      "scrape_date": "2026-09-11T04:58:06.437653Z",
      "stabilities": [
        "staging",
        "unstable"
      ],
      "unfree": false,
      "version": "1.3.13",
      "outputs_to_install": [
        "out"
      ],
      "outputs": {
        "out": "/nix/store/914ib8av127cgbz80gvsrhzyg9v40b5p-bun-1.3.13"
      },
      "system": "aarch64-darwin",
      "group": "toplevel",
      "priority": 5
    },
    {
      "attr_path": "bun",
      "broken": false,
      "derivation": "/nix/store/ay5sa8chjiy13qwxw7w18827vx6n7s50-bun-1.3.13.drv",
      "description": "Incredibly fast JavaScript runtime, bundler, transpiler and package manager – all in one",
      "install_id": "bun",
      "license": "[ MIT, LGPL-2.1-only ]",
      "locked_url": "https://github.com/flox/nixpkgs?rev=8ce4ef6cb6f871616146b9fe26d2a5ae594e94fe",
      "name": "bun-1.3.13",
      "pname": "bun",
      "rev": "8ce4ef6cb6f871616146b9fe26d2a5ae594e94fe",
      "rev_count": 1070770,
      "rev_date": "2026-09-10T02:20:05Z",
      "scrape_date": "2026-09-11T05:30:21.974552Z",
      "stabilities": [
        "staging",
        "unstable"
      ],
      "unfree": false,
      "version": "1.3.13",
      "outputs_to_install": [
        "out"
      ],
      "outputs": {
        "out": "/nix/store/p9a0b8bh0iv9g1qszfvi9n2k7aj7ypyh-bun-1.3.13"
      },
      "system": "aarch64-linux",
      "group": "toplevel",
      "priority": 5
    },
    {
      "attr_path": "bun",
      "broken": false,
      "derivation": "/nix/store/icy7axnlrszi2ynx0wmzj7z0d1cl8bbf-bun-1.3.13.drv",
      "description": "Incredibly fast JavaScript runtime, bundler, transpiler and package manager – all in one",
      "install_id": "bun",
      "license": "[ MIT, LGPL-2.1-only ]",
      "locked_url": "https://github.com/flox/nixpkgs?rev=8ce4ef6cb6f871616146b9fe26d2a5ae594e94fe",
      "name": "bun-1.3.13",
      "pname": "bun",
      "rev": "8ce4ef6cb6f871616146b9fe26d2a5ae594e94fe",
      "rev_count": 1070770,
      "rev_date": "2026-09-10T02:20:05Z",
      "scrape_date": "2026-09-11T06:06:40.699064Z",
      "stabilities": [
        "staging",
        "unstable"
      ],
      "unfree": false,
      "version": "1.3.13",
      "outputs_to_install": [
        "out"
      ],
      "outputs": {
        "out": "/nix/store/gzh2rx2sjwra135my0jw3va49hm7z4vf-bun-1.3.13"
      },
      "system": "x86_64-linux",
      "group": "toplevel",
      "priority": 5
    },
    {
      "attr_path": "cargo",
      "broken": false,
      "derivation": "/nix/store/3ryprf12nc4pvyabn4dr49fd1syshg6l-cargo-1.97.1.drv",
      "description": "Downloads your Rust project's dependencies and builds your project",
      "install_id": "cargo",
      "license": "[ MIT, Apache-2.0 ]",
      "locked_url": "https://github.com/flox/nixpkgs?rev=8ce4ef6cb6f871616146b9fe26d2a5ae594e94fe",
      "name": "cargo-1.97.1",
      "pname": "cargo",
      "rev": "8ce4ef6cb6f871616146b9fe26d2a5ae594e94fe",
      "rev_count": 1070770,
      "rev_date": "2026-09-10T02:20:05Z",
      "scrape_date": "2026-09-11T04:58:06.455993Z",
      "stabilities": [
        "staging",
        "unstable"
      ],
      "unfree": false,
      "version": "1.97.1",
      "outputs_to_install": [
        "out"
      ],
      "outputs": {
        "out": "/nix/store/cvd2pzmgq4pr7kkzx2zmya47fqd70sqa-cargo-1.97.1"
      },
      "system": "aarch64-darwin",
      "group": "toplevel",
      "priority": 5
    },
    {
      "attr_path": "cargo",
      "broken": false,
      "derivation": "/nix/store/d0lxy2g0nx9dgxp72wx7jn5qjr1gv29g-cargo-1.97.1.drv",
      "description": "Downloads your Rust project's dependencies and builds your project",
      "install_id": "cargo",
      "license": "[ MIT, Apache-2.0 ]",
      "locked_url": "https://github.com/flox/nixpkgs?rev=8ce4ef6cb6f871616146b9fe26d2a5ae594e94fe",
      "name": "cargo-1.97.1",
      "pname": "cargo",
      "rev": "8ce4ef6cb6f871616146b9fe26d2a5ae594e94fe",
      "rev_count": 1070770,
      "rev_date": "2026-09-10T02:20:05Z",
      "scrape_date": "2026-09-11T05:30:22.004632Z",
      "stabilities": [
        "staging",
        "unstable"
      ],
      "unfree": false,
      "version": "1.97.1",
      "outputs_to_install": [
        "out"
      ],
      "outputs": {
        "out": "/nix/store/z64fp7fjfy9zr3xn7prdidi4gww213d5-cargo-1.97.1"
      },
      "system": "aarch64-linux",
      "group": "toplevel",
      "priority": 5
    },
    {
      "attr_path": "cargo",
      "broken": false,
      "derivation": "/nix/store/y1zg3wvkz7q4l1fd57ldkam9l5idl6k3-cargo-1.97.1.drv",
      "description": "Downloads your Rust project's dependencies and builds your project",
      "install_id": "cargo",
      "license": "[ MIT, Apache-2.0 ]",
      "locked_url": "https://github.com/flox/nixpkgs?rev=8ce4ef6cb6f871616146b9fe26d2a5ae594e94fe",
      "name": "cargo-1.97.1",
      "pname": "cargo",
      "rev": "8ce4ef6cb6f871616146b9fe26d2a5ae594e94fe",
      "rev_count": 1070770,
      "rev_date": "2026-09-10T02:20:05Z",
      "scrape_date": "2026-09-11T06:06:40.732259Z",
      "stabilities": [
        "staging",
        "unstable"
      ],
      "unfree": false,
      "version": "1.97.1",
      "outputs_to_install": [
        "out"
      ],
      "outputs": {
        "out": "/nix/store/dv55qwamlq68hdiprg1v104ymwh1c27r-cargo-1.97.1"
      },
      "system": "x86_64-linux",
      "group": "toplevel",
      "priority": 5
    },
    {
      "attr_path": "cargo-tauri",
      "broken": false,
      "derivation": "/nix/store/d3f18rjfivrbciwkd9m8vn2cszpd45wk-tauri-2.11.4.drv",
      "description": "Build smaller, faster, and more secure desktop applications with a web frontend",
      "install_id": "cargo-tauri",
      "license": "[ Apache-2.0, MIT ]",
      "locked_url": "https://github.com/flox/nixpkgs?rev=8ce4ef6cb6f871616146b9fe26d2a5ae594e94fe",
      "name": "tauri-2.11.4",
      "pname": "cargo-tauri",
      "rev": "8ce4ef6cb6f871616146b9fe26d2a5ae594e94fe",
      "rev_count": 1070770,
      "rev_date": "2026-09-10T02:20:05Z",
      "scrape_date": "2026-09-11T04:58:06.472690Z",
      "stabilities": [
        "staging",
        "unstable"
      ],
      "unfree": false,
      "version": "2.11.4",
      "outputs_to_install": [
        "out"
      ],
      "outputs": {
        "out": "/nix/store/8w5f8dkcr50l6fzf8j61xjydwdyyfnvi-tauri-2.11.4"
      },
      "system": "aarch64-darwin",
      "group": "toplevel",
      "priority": 5
    },
    {
      "attr_path": "cargo-tauri",
      "broken": false,
      "derivation": "/nix/store/scizsq507g217rl6vqhpaxnzn74hzc26-tauri-2.11.4.drv",
      "description": "Build smaller, faster, and more secure desktop applications with a web frontend",
      "install_id": "cargo-tauri",
      "license": "[ Apache-2.0, MIT ]",
      "locked_url": "https://github.com/flox/nixpkgs?rev=8ce4ef6cb6f871616146b9fe26d2a5ae594e94fe",
      "name": "tauri-2.11.4",
      "pname": "cargo-tauri",
      "rev": "8ce4ef6cb6f871616146b9fe26d2a5ae594e94fe",
      "rev_count": 1070770,
      "rev_date": "2026-09-10T02:20:05Z",
      "scrape_date": "2026-09-11T05:30:22.023955Z",
      "stabilities": [
        "staging",
        "unstable"
      ],
      "unfree": false,
      "version": "2.11.4",
      "outputs_to_install": [
        "out"
      ],
      "outputs": {
        "out": "/nix/store/pjjbrmygj02siqkx0xpkzzdy5jn32nd9-tauri-2.11.4"
      },
      "system": "aarch64-linux",
      "group": "toplevel",
      "priority": 5
    },
    {
      "attr_path": "cargo-tauri",
      "broken": false,
      "derivation": "/nix/store/fd10m10j3d9ak7n5gqr44fcambj3sryg-tauri-2.11.4.drv",
      "description": "Build smaller, faster, and more secure desktop applications with a web frontend",
      "install_id": "cargo-tauri",
      "license": "[ Apache-2.0, MIT ]",
      "locked_url": "https://github.com/flox/nixpkgs?rev=8ce4ef6cb6f871616146b9fe26d2a5ae594e94fe",
      "name": "tauri-2.11.4",
      "pname": "cargo-tauri",
      "rev": "8ce4ef6cb6f871616146b9fe26d2a5ae594e94fe",
      "rev_count": 1070770,
      "rev_date": "2026-09-10T02:20:05Z",
      "scrape_date": "2026-09-11T06:06:40.751971Z",
      "stabilities": [
        "staging",
        "unstable"
      ],
      "unfree": false,
      "version": "2.11.4",
      "outputs_to_install": [
        "out"
      ],
      "outputs": {
        "out": "/nix/store/vf0d3xq55zwyjb39f6hr2xarhfya284p-tauri-2.11.4"
      },
      "system": "x86_64-linux",
      "group": "toplevel",
      "priority": 5
    },
    {
      "attr_path": "clippy",
      "broken": false,
      "derivation": "/nix/store/68izw1c3lcpg3mrhqsyyrpf3gv1xd4dz-clippy-1.97.1.drv",
      "description": "Bunch of lints to catch common mistakes and improve your Rust code",
      "install_id": "clippy",
      "license": "[ MIT, Apache-2.0 ]",
      "locked_url": "https://github.com/flox/nixpkgs?rev=8ce4ef6cb6f871616146b9fe26d2a5ae594e94fe",
      "name": "clippy-1.97.1",
      "pname": "clippy",
      "rev": "8ce4ef6cb6f871616146b9fe26d2a5ae594e94fe",
      "rev_count": 1070770,
      "rev_date": "2026-09-10T02:20:05Z",
      "scrape_date": "2026-09-11T04:58:06.648087Z",
      "stabilities": [
        "staging",
        "unstable"
      ],
      "unfree": false,
      "version": "1.97.1",
      "outputs_to_install": [
        "out"
      ],
      "outputs": {
        "out": "/nix/store/v3i30k0c7qw3imdbq491328r4a6qry1m-clippy-1.97.1"
      },
      "system": "aarch64-darwin",
      "group": "toplevel",
      "priority": 5
    },
    {
      "attr_path": "clippy",
      "broken": false,
      "derivation": "/nix/store/dx2n1cmxy0r6hfpa31psr4x2yb1rkmh6-clippy-1.97.1.drv",
      "description": "Bunch of lints to catch common mistakes and improve your Rust code",
      "install_id": "clippy",
      "license": "[ MIT, Apache-2.0 ]",
      "locked_url": "https://github.com/flox/nixpkgs?rev=8ce4ef6cb6f871616146b9fe26d2a5ae594e94fe",
      "name": "clippy-1.97.1",
      "pname": "clippy",
      "rev": "8ce4ef6cb6f871616146b9fe26d2a5ae594e94fe",
      "rev_count": 1070770,
      "rev_date": "2026-09-10T02:20:05Z",
      "scrape_date": "2026-09-11T05:30:22.243261Z",
      "stabilities": [
        "staging",
        "unstable"
      ],
      "unfree": false,
      "version": "1.97.1",
      "outputs_to_install": [
        "out"
      ],
      "outputs": {
        "debug": "/nix/store/3mbk6zr9jqgzv3zfz3x3mirkf9894b5k-clippy-1.97.1-debug",
        "out": "/nix/store/y6v5c5bb5drnvyf3jgm4qkkyihnfjwhj-clippy-1.97.1"
      },
      "system": "aarch64-linux",
      "group": "toplevel",
      "priority": 5
    },
    {
      "attr_path": "clippy",
      "broken": false,
      "derivation": "/nix/store/c73jla34znhc3l3a3s4fk5aj7zg17qsk-clippy-1.97.1.drv",
      "description": "Bunch of lints to catch common mistakes and improve your Rust code",
      "install_id": "clippy",
      "license": "[ MIT, Apache-2.0 ]",
      "locked_url": "https://github.com/flox/nixpkgs?rev=8ce4ef6cb6f871616146b9fe26d2a5ae594e94fe",
      "name": "clippy-1.97.1",
      "pname": "clippy",
      "rev": "8ce4ef6cb6f871616146b9fe26d2a5ae594e94fe",
      "rev_count": 1070770,
      "rev_date": "2026-09-10T02:20:05Z",
      "scrape_date": "2026-09-11T06:06:40.989888Z",
      "stabilities": [
        "staging",
        "unstable"
      ],
      "unfree": false,
      "version": "1.97.1",
      "outputs_to_install": [
        "out"
      ],
      "outputs": {
        "debug": "/nix/store/nafib7p33g095kh5s8y790wdcrv7mp9l-clippy-1.97.1-debug",
        "out": "/nix/store/n4c4rzywa0wsfy239bqkgsx8lfhsfmwx-clippy-1.97.1"
      },
      "system": "x86_64-linux",
      "group": "toplevel",
      "priority": 5
    },
    {
      "attr_path": "go-task",
      "broken": false,
      "derivation": "/nix/store/6lifhbkq5k5y07q7pl0945wrrpypi0wv-go-task-3.53.1.drv",
      "description": "Task runner / simpler Make alternative written in Go",
      "install_id": "go-task",
      "license": "MIT",
      "locked_url": "https://github.com/flox/nixpkgs?rev=8ce4ef6cb6f871616146b9fe26d2a5ae594e94fe",
      "name": "go-task-3.53.1",
      "pname": "go-task",
      "rev": "8ce4ef6cb6f871616146b9fe26d2a5ae594e94fe",
      "rev_count": 1070770,
      "rev_date": "2026-09-10T02:20:05Z",
      "scrape_date": "2026-09-11T04:58:07.834986Z",
      "stabilities": [
        "staging",
        "unstable"
      ],
      "unfree": false,
      "version": "3.53.1",
      "outputs_to_install": [
        "out"
      ],
      "outputs": {
        "out": "/nix/store/2cp94m0qgih229db2yg2x30rwzrwdamk-go-task-3.53.1"
      },
      "system": "aarch64-darwin",
      "group": "toplevel",
      "priority": 5
    },
    {
      "attr_path": "go-task",
      "broken": false,
      "derivation": "/nix/store/vygxrrfkl5rc201mr9vxzvxb3092yx30-go-task-3.53.1.drv",
      "description": "Task runner / simpler Make alternative written in Go",
      "install_id": "go-task",
      "license": "MIT",
      "locked_url": "https://github.com/flox/nixpkgs?rev=8ce4ef6cb6f871616146b9fe26d2a5ae594e94fe",
      "name": "go-task-3.53.1",
      "pname": "go-task",
      "rev": "8ce4ef6cb6f871616146b9fe26d2a5ae594e94fe",
      "rev_count": 1070770,
      "rev_date": "2026-09-10T02:20:05Z",
      "scrape_date": "2026-09-11T05:30:24.722737Z",
      "stabilities": [
        "staging",
        "unstable"
      ],
      "unfree": false,
      "version": "3.53.1",
      "outputs_to_install": [
        "out"
      ],
      "outputs": {
        "out": "/nix/store/5wxmmkjhivk4lrx09acasbyffya5q640-go-task-3.53.1"
      },
      "system": "aarch64-linux",
      "group": "toplevel",
      "priority": 5
    },
    {
      "attr_path": "go-task",
      "broken": false,
      "derivation": "/nix/store/qs9lfl8yp18bhb6s0rx2wmlk34x03mih-go-task-3.53.1.drv",
      "description": "Task runner / simpler Make alternative written in Go",
      "install_id": "go-task",
      "license": "MIT",
      "locked_url": "https://github.com/flox/nixpkgs?rev=8ce4ef6cb6f871616146b9fe26d2a5ae594e94fe",
      "name": "go-task-3.53.1",
      "pname": "go-task",
      "rev": "8ce4ef6cb6f871616146b9fe26d2a5ae594e94fe",
      "rev_count": 1070770,
      "rev_date": "2026-09-10T02:20:05Z",
      "scrape_date": "2026-09-11T06:06:43.533356Z",
      "stabilities": [
        "staging",
        "unstable"
      ],
      "unfree": false,
      "version": "3.53.1",
      "outputs_to_install": [
        "out"
      ],
      "outputs": {
        "out": "/nix/store/bvzzl57kpmvzb6aj0v0yc45gvw8ggf2a-go-task-3.53.1"
      },
      "system": "x86_64-linux",
      "group": "toplevel",
      "priority": 5
    },
    {
      "attr_path": "rustc",
      "broken": false,
      "derivation": "/nix/store/b7dwrh5g7lwa49zbrzz717fb4ngjay4q-rustc-wrapper-1.97.1.drv",
      "description": "Safe, concurrent, practical language (wrapper script)",
      "install_id": "rustc",
      "license": "[ MIT, Apache-2.0 ]",
      "locked_url": "https://github.com/flox/nixpkgs?rev=8ce4ef6cb6f871616146b9fe26d2a5ae594e94fe",
      "name": "rustc-wrapper-1.97.1",
      "pname": "rustc",
      "rev": "8ce4ef6cb6f871616146b9fe26d2a5ae594e94fe",
      "rev_count": 1070770,
      "rev_date": "2026-09-10T02:20:05Z",
      "scrape_date": "2026-09-11T04:59:47.943108Z",
      "stabilities": [
        "staging",
        "unstable"
      ],
      "unfree": false,
      "version": "1.97.1",
      "outputs_to_install": [
        "man",
        "out"
      ],
      "outputs": {
        "doc": "/nix/store/8qkha38sic70l51g4l7dmjrxnzqjrr6w-rustc-wrapper-1.97.1-doc",
        "man": "/nix/store/grw7ifdixkdr4ya8bw5x0psjyfr5azva-rustc-wrapper-1.97.1-man",
        "out": "/nix/store/swrk83krgf2iaqd7a1bs0pg1sinlz5ds-rustc-wrapper-1.97.1"
      },
      "system": "aarch64-darwin",
      "group": "toplevel",
      "priority": 5
    },
    {
      "attr_path": "rustc",
      "broken": false,
      "derivation": "/nix/store/zys8ks6vyd9ldiscb5b9hwk15sk6hlfv-rustc-wrapper-1.97.1.drv",
      "description": "Safe, concurrent, practical language (wrapper script)",
      "install_id": "rustc",
      "license": "[ MIT, Apache-2.0 ]",
      "locked_url": "https://github.com/flox/nixpkgs?rev=8ce4ef6cb6f871616146b9fe26d2a5ae594e94fe",
      "name": "rustc-wrapper-1.97.1",
      "pname": "rustc",
      "rev": "8ce4ef6cb6f871616146b9fe26d2a5ae594e94fe",
      "rev_count": 1070770,
      "rev_date": "2026-09-10T02:20:05Z",
      "scrape_date": "2026-09-11T05:32:36.914485Z",
      "stabilities": [
        "staging",
        "unstable"
      ],
      "unfree": false,
      "version": "1.97.1",
      "outputs_to_install": [
        "man",
        "out"
      ],
      "outputs": {
        "doc": "/nix/store/avbwjkw896rb3nl28kh8qv6kxyq5b9v2-rustc-wrapper-1.97.1-doc",
        "man": "/nix/store/hn340n5pi9p30j4bcxgzqgq8lmclg1by-rustc-wrapper-1.97.1-man",
        "out": "/nix/store/d6bnbpk6jr95frzmmksda4r7l3v8d3m6-rustc-wrapper-1.97.1"
      },
      "system": "aarch64-linux",
      "group": "toplevel",
      "priority": 5
    },
    {
      "attr_path": "rustc",
      "broken": false,
      "derivation": "/nix/store/ws46bp68ih8hf9661myqyf8ssq32fzba-rustc-wrapper-1.97.1.drv",
      "description": "Safe, concurrent, practical language (wrapper script)",
      "install_id": "rustc",
      "license": "[ MIT, Apache-2.0 ]",
      "locked_url": "https://github.com/flox/nixpkgs?rev=8ce4ef6cb6f871616146b9fe26d2a5ae594e94fe",
      "name": "rustc-wrapper-1.97.1",
      "pname": "rustc",
      "rev": "8ce4ef6cb6f871616146b9fe26d2a5ae594e94fe",
      "rev_count": 1070770,
      "rev_date": "2026-09-10T02:20:05Z",
      "scrape_date": "2026-09-11T06:09:01.523810Z",
      "stabilities": [
        "staging",
        "unstable"
      ],
      "unfree": false,
      "version": "1.97.1",
      "outputs_to_install": [
        "man",
        "out"
      ],
      "outputs": {
        "doc": "/nix/store/8svfp79q0gx10gcrsyxf1pw04q8jf0lp-rustc-wrapper-1.97.1-doc",
        "man": "/nix/store/an2hvf5i7mq52mqdad9rad8mxkpksmq2-rustc-wrapper-1.97.1-man",
        "out": "/nix/store/yaa1sq5g4jar7rvlspy7kk2wd98nj6qh-rustc-wrapper-1.97.1"
      },
      "system": "x86_64-linux",
      "group": "toplevel",
      "priority": 5
    },
    {
      "attr_path": "rustfmt",
      "broken": false,
      "derivation": "/nix/store/pbqhn2qr20h957gaajzwc3s45ycwyigb-rustfmt-1.97.1.drv",
      "description": "Tool for formatting Rust code according to style guidelines",
      "install_id": "rustfmt",
      "license": "[ MIT, Apache-2.0 ]",
      "locked_url": "https://github.com/flox/nixpkgs?rev=8ce4ef6cb6f871616146b9fe26d2a5ae594e94fe",
      "name": "rustfmt-1.97.1",
      "pname": "rustfmt",
      "rev": "8ce4ef6cb6f871616146b9fe26d2a5ae594e94fe",
      "rev_count": 1070770,
      "rev_date": "2026-09-10T02:20:05Z",
      "scrape_date": "2026-09-11T04:59:47.967972Z",
      "stabilities": [
        "staging",
        "unstable"
      ],
      "unfree": false,
      "version": "1.97.1",
      "outputs_to_install": [
        "out"
      ],
      "outputs": {
        "out": "/nix/store/l7xlkqk1bz4w75rwf5dh7pn2br04n59l-rustfmt-1.97.1"
      },
      "system": "aarch64-darwin",
      "group": "toplevel",
      "priority": 5
    },
    {
      "attr_path": "rustfmt",
      "broken": false,
      "derivation": "/nix/store/4g0gx13xjx0i07jb0dnff6qc71vrdizz-rustfmt-1.97.1.drv",
      "description": "Tool for formatting Rust code according to style guidelines",
      "install_id": "rustfmt",
      "license": "[ MIT, Apache-2.0 ]",
      "locked_url": "https://github.com/flox/nixpkgs?rev=8ce4ef6cb6f871616146b9fe26d2a5ae594e94fe",
      "name": "rustfmt-1.97.1",
      "pname": "rustfmt",
      "rev": "8ce4ef6cb6f871616146b9fe26d2a5ae594e94fe",
      "rev_count": 1070770,
      "rev_date": "2026-09-10T02:20:05Z",
      "scrape_date": "2026-09-11T05:32:36.948140Z",
      "stabilities": [
        "staging",
        "unstable"
      ],
      "unfree": false,
      "version": "1.97.1",
      "outputs_to_install": [
        "out"
      ],
      "outputs": {
        "out": "/nix/store/rl3j1za9dpdri1vr52vl69y1qczjb5zv-rustfmt-1.97.1"
      },
      "system": "aarch64-linux",
      "group": "toplevel",
      "priority": 5
    },
    {
      "attr_path": "rustfmt",
      "broken": false,
      "derivation": "/nix/store/89x1576ckylmc24b4qnh3j2k387lrgc5-rustfmt-1.97.1.drv",
      "description": "Tool for formatting Rust code according to style guidelines",
      "install_id": "rustfmt",
      "license": "[ MIT, Apache-2.0 ]",
      "locked_url": "https://github.com/flox/nixpkgs?rev=8ce4ef6cb6f871616146b9fe26d2a5ae594e94fe",
      "name": "rustfmt-1.97.1",
      "pname": "rustfmt",
      "rev": "8ce4ef6cb6f871616146b9fe26d2a5ae594e94fe",
      "rev_count": 1070770,
      "rev_date": "2026-09-10T02:20:05Z",
      "scrape_date": "2026-09-11T06:09:01.559339Z",
      "stabilities": [
        "staging",
        "unstable"
      ],
      "unfree": false,
      "version": "1.97.1",
      "outputs_to_install": [
        "out"
      ],
      "outputs": {
        "out": "/nix/store/47k26k98v32x56rxiqawdk5qk0r0b6w1-rustfmt-1.97.1"
      },
      "system": "x86_64-linux",
      "group": "toplevel",
      "priority": 5
    },
    {
      "install_id": "infer",
      "locked-url": "github:inference-gateway/cli/87d97f35ad1f735c81f231d7fbe5a9c4928916ed?narHash=sha256-VeNEXZ2Zvp0242UGKfIK2T%2BP63mBO5q2bJ/TxDkv9xc%3D",
      "flake-description": "Inference Gateway CLI - infer",
      "locked-flake-attr-path": "packages.aarch64-darwin.default",
      "derivation": "/nix/store/rif6gd506hqdq1c3np11lrxcica4lp16-infer-0.204.1.drv",
      "outputs": {
        "out": "/nix/store/nfqbrf8s0i3c7xlzfm2hrg0h3r78b8vj-infer-0.204.1"
      },
      "output-names": [
        "out"
      ],
      "outputs-to-install": [
        "out"
      ],
      "requested-outputs-to-install": [],
      "package-system": "aarch64-darwin",
      "system": "aarch64-darwin",
      "name": "infer-0.204.1",
      "pname": "infer",
      "version": "0.204.1",
      "description": "Command-line interface for the Inference Gateway - AI model interaction manager",
      "licenses": [
        "MIT"
      ],
      "broken": false,
      "unfree": false,
      "priority": 5
    },
    {
      "install_id": "infer",
      "locked-url": "github:inference-gateway/cli/87d97f35ad1f735c81f231d7fbe5a9c4928916ed?narHash=sha256-VeNEXZ2Zvp0242UGKfIK2T%2BP63mBO5q2bJ/TxDkv9xc%3D",
      "flake-description": "Inference Gateway CLI - infer",
      "locked-flake-attr-path": "packages.aarch64-linux.default",
      "derivation": "/nix/store/d934lkk9sl9993g4gsgwa6whfa8s5i9l-infer-0.204.1.drv",
      "outputs": {
        "out": "/nix/store/p4g8gx0c13w5mldshqrwpg1ap8mkk42j-infer-0.204.1"
      },
      "output-names": [
        "out"
      ],
      "outputs-to-install": [
        "out"
      ],
      "requested-outputs-to-install": [],
      "package-system": "aarch64-linux",
      "system": "aarch64-linux",
      "name": "infer-0.204.1",
      "pname": "infer",
      "version": "0.204.1",
      "description": "Command-line interface for the Inference Gateway - AI model interaction manager",
      "licenses": [
        "MIT"
      ],
      "broken": false,
      "unfree": false,
      "priority": 5
    },
    {
      "install_id": "infer",
      "locked-url": "github:inference-gateway/cli/87d97f35ad1f735c81f231d7fbe5a9c4928916ed?narHash=sha256-VeNEXZ2Zvp0242UGKfIK2T%2BP63mBO5q2bJ/TxDkv9xc%3D",
      "flake-description": "Inference Gateway CLI - infer",
      "locked-flake-attr-path": "packages.x86_64-linux.default",
      "derivation": "/nix/store/h5zfspbbkhva71jzj94nd9b0s220gaij-infer-0.204.1.drv",
      "outputs": {
        "out": "/nix/store/p7bz3bb5gyyyrqhdzjgrbqbvyfwj90yg-infer-0.204.1"
      },
      "output-names": [
        "out"
      ],
      "outputs-to-install": [
        "out"
      ],
      "requested-outputs-to-install": [],
      "package-system": "x86_64-linux",
      "system": "x86_64-linux",
      "name": "infer-0.204.1",
      "pname": "infer",
      "version": "0.204.1",
      "description": "Command-line interface for the Inference Gateway - AI model interaction manager",
      "licenses": [
        "MIT"
      ],
      "broken": false,
      "unfree": false,
      "priority": 5
    }
  ]
}
